
Microsoft Visual Studio Solution File, Format Version 12.00
# Visual Studio Version 17
VisualStudioVersion = 17.5.33502.453
MinimumVisualStudioVersion = 10.0.40219.1
Project("{FAE04EC0-301F-11D3-BF4B-00C04F79EFBC}") = "cwiczenia 3 zadanie nr 8", "cwiczenia 3 zadanie nr 8.csproj", "{079257DE-34C7-4E36-8BB4-375A8B5BF79B}"
EndProject
Global
	GlobalSection(SolutionConfigurationPlatforms) = preSolution
		Debug|Any CPU = Debug|Any CPU
		Release|Any CPU = Release|Any CPU
	EndGlobalSection
	GlobalSection(ProjectConfigurationPlatforms) = postSolution
		{079257DE-34C7-4E36-8BB4-375A8B5BF79B}.Debug|Any CPU.ActiveCfg = Debug|Any CPU
		{079257DE-34C7-4E36-8BB4-375A8B5BF79B}.Debug|Any CPU.Build.0 = Debug|Any CPU
		{079257DE-34C7-4E36-8BB4-375A8B5BF79B}.Release|Any CPU.ActiveCfg = Release|Any CPU
		{079257DE-34C7-4E36-8BB4-375A8B5BF79B}.Release|Any CPU.Build.0 = Release|Any CPU
	EndGlobalSection
	GlobalSection(SolutionProperties) = preSolution
		HideSolutionNode = FALSE
	EndGlobalSection
	GlobalSection(ExtensibilityGlobals) = postSolution
		SolutionGuid = {A1C7BF41-E38D-41D6-9812-B3D18C611EB0}
	EndGlobalSection
EndGlobal
